// !$*UTF8*$!
{
	archiveVersion = 1;
	classes = {
	};
	objectVersion = 50;
	objects = {

/* Begin PBXBuildFile section */
		74E8C717234A8BB6002AE442 /* AppDelegate.swift in Sources */ = {isa = PBXBuildFile; fileRef = 74E8C716234A8BB6002AE442 /* AppDelegate.swift */; };
		74E8C719234A8BB6002AE442 /* SceneDelegate.swift in Sources */ = {isa = PBXBuildFile; fileRef = 74E8C718234A8BB6002AE442 /* SceneDelegate.swift */; };
		74E8C71B234A8BB6002AE442 /* ViewController.swift in Sources */ = {isa = PBXBuildFile; fileRef = 74E8C71A234A8BB6002AE442 /* ViewController.swift */; };
		74E8C71E234A8BB6002AE442 /* Main.storyboard in Resources */ = {isa = PBXBuildFile; fileRef = 74E8C71C234A8BB6002AE442 /* Main.storyboard */; };
		74E8C721234A8BB6002AE442 /* MedicalReach_NativeIOSChat_Demo.xcdatamodeld in Sources */ = {isa = PBXBuildFile; fileRef = 74E8C71F234A8BB6002AE442 /* MedicalReach_NativeIOSChat_Demo.xcdatamodeld */; };
		74E8C723234A8BB7002AE442 /* Assets.xcassets in Resources */ = {isa = PBXBuildFile; fileRef = 74E8C722234A8BB7002AE442 /* Assets.xcassets */; };
		74E8C726234A8BB7002AE442 /* LaunchScreen.storyboard in Resources */ = {isa = PBXBuildFile; fileRef = 74E8C724234A8BB7002AE442 /* LaunchScreen.storyboard */; };
		74E8C731234A8BB7002AE442 /* MedicalReach_NativeIOSChat_DemoTests.swift in Sources */ = {isa = PBXBuildFile; fileRef = 74E8C730234A8BB7002AE442 /* MedicalReach_NativeIOSChat_DemoTests.swift */; };
		74E8C73C234A8BB7002AE442 /* MedicalReach_NativeIOSChat_DemoUITests.swift in Sources */ = {isa = PBXBuildFile; fileRef = 74E8C73B234A8BB7002AE442 /* MedicalReach_NativeIOSChat_DemoUITests.swift */; };
		74E8C74B234A8C25002AE442 /* Chats.storyboard in Resources */ = {isa = PBXBuildFile; fileRef = 74E8C74A234A8C25002AE442 /* Chats.storyboard */; };
		74E8C74F234A906C002AE442 /* Message.swift in Sources */ = {isa = PBXBuildFile; fileRef = 74E8C74E234A906C002AE442 /* Message.swift */; };
/* End PBXBuildFile section */

/* Begin PBXContainerItemProxy section */
		74E8C72D234A8BB7002AE442 /* PBXContainerItemProxy */ = {
			isa = PBXContainerItemProxy;
			containerPortal = 74E8C70B234A8BB6002AE442 /* Project object */;
			proxyType = 1;
			remoteGlobalIDString = 74E8C712234A8BB6002AE442;
			remoteInfo = MedicalReach_NativeIOSChat_Demo;
		};
		74E8C738234A8BB7002AE442 /* PBXContainerItemProxy */ = {
			isa = PBXContainerItemProxy;
			containerPortal = 74E8C70B234A8BB6002AE442 /* Project object */;
			proxyType = 1;
			remoteGlobalIDString = 74E8C712234A8BB6002AE442;
			remoteInfo = MedicalReach_NativeIOSChat_Demo;
		};
/* End PBXContainerItemProxy section */

/* Begin PBXFileReference section */
		74E8C713234A8BB6002AE442 /* MedicalReach_NativeIOSChat_Demo.app */ = {isa = PBXFileReference; explicitFileType = wrapper.application; includeInIndex = 0; path = MedicalReach_NativeIOSChat_Demo.app; sourceTree = BUILT_PRODUCTS_DIR; };
		74E8C716234A8BB6002AE442 /* AppDelegate.swift */ = {isa = PBXFileReference; lastKnownFileType = sourcecode.swift; path = AppDelegate.swift; sourceTree = "<group>"; };
		74E8C718234A8BB6002AE442 /* SceneDelegate.swift */ = {isa = PBXFileReference; lastKnownFileType = sourcecode.swift; path = SceneDelegate.swift; sourceTree = "<group>"; };
		74E8C71A234A8BB6002AE442 /* ViewController.swift */ = {isa = PBXFileReference; lastKnownFileType = sourcecode.swift; path = ViewController.swift; sourceTree = "<group>"; };
		74E8C71D234A8BB6002AE442 /* Base */ = {isa = PBXFileReference; lastKnownFileType = file.storyboard; name = Base; path = Base.lproj/Main.storyboard; sourceTree = "<group>"; };
		74E8C720234A8BB6002AE442 /* MedicalReach_NativeIOSChat_Demo.xcdatamodel */ = {isa = PBXFileReference; lastKnownFileType = wrapper.xcdatamodel; path = MedicalReach_NativeIOSChat_Demo.xcdatamodel; sourceTree = "<group>"; };
		74E8C722234A8BB7002AE442 /* Assets.xcassets */ = {isa = PBXFileReference; lastKnownFileType = folder.assetcatalog; path = Assets.xcassets; sourceTree = "<group>"; };
		74E8C725234A8BB7002AE442 /* Base */ = {isa = PBXFileReference; lastKnownFileType = file.storyboard; name = Base; path = Base.lproj/LaunchScreen.storyboard; sourceTree = "<group>"; };
		74E8C727234A8BB7002AE442 /* Info.plist */ = {isa = PBXFileReference; lastKnownFileType = text.plist.xml; path = Info.plist; sourceTree = "<group>"; };
		74E8C72C234A8BB7002AE442 /* MedicalReach_NativeIOSChat_DemoTests.xctest */ = {isa = PBXFileReference; explicitFileType = wrapper.cfbundle; includeInIndex = 0; path = MedicalReach_NativeIOSChat_DemoTests.xctest; sourceTree = BUILT_PRODUCTS_DIR; };
		74E8C730234A8BB7002AE442 /* MedicalReach_NativeIOSChat_DemoTests.swift */ = {isa = PBXFileReference; lastKnownFileType = sourcecode.swift; path = MedicalReach_NativeIOSChat_DemoTests.swift; sourceTree = "<group>"; };
		74E8C732234A8BB7002AE442 /* Info.plist */ = {isa = PBXFileReference; lastKnownFileType = text.plist.xml; path = Info.plist; sourceTree = "<group>"; };
		74E8C737234A8BB7002AE442 /* MedicalReach_NativeIOSChat_DemoUITests.xctest */ = {isa = PBXFileReference; explicitFileType = wrapper.cfbundle; includeInIndex = 0; path = MedicalReach_NativeIOSChat_DemoUITests.xctest; sourceTree = BUILT_PRODUCTS_DIR; };
		74E8C73B234A8BB7002AE442 /* MedicalReach_NativeIOSChat_DemoUITests.swift */ = {isa = PBXFileReference; lastKnownFileType = sourcecode.swift; path = MedicalReach_NativeIOSChat_DemoUITests.swift; sourceTree = "<group>"; };
		74E8C73D234A8BB7002AE442 /* Info.plist */ = {isa = PBXFileReference; lastKnownFileType = text.plist.xml; path = Info.plist; sourceTree = "<group>"; };
		74E8C74A234A8C25002AE442 /* Chats.storyboard */ = {isa = PBXFileReference; lastKnownFileType = file.storyboard; path = Chats.storyboard; sourceTree = "<group>"; };
		74E8C74E234A906C002AE442 /* Message.swift */ = {isa = PBXFileReference; lastKnownFileType = sourcecode.swift; path = Message.swift; sourceTree = "<group>"; };
/* End PBXFileReference section */

/* Begin PBXFrameworksBuildPhase section */
		74E8C710234A8BB6002AE442 /* Frameworks */ = {
			isa = PBXFrameworksBuildPhase;
			buildActionMask = 2147483647;
			files = (
			);
			runOnlyForDeploymentPostprocessing = 0;
		};
		74E8C729234A8BB7002AE442 /* Frameworks */ = {
			isa = PBXFrameworksBuildPhase;
			buildActionMask = 2147483647;
			files = (
			);
			runOnlyForDeploymentPostprocessing = 0;
		};
		74E8C734234A8BB7002AE442 /* Frameworks */ = {
			isa = PBXFrameworksBuildPhase;
			buildActionMask = 2147483647;
			files = (
			);
			runOnlyForDeploymentPostprocessing = 0;
		};
/* End PBXFrameworksBuildPhase section */

/* Begin PBXGroup section */
		74E8C70A234A8BB6002AE442 = {
			isa = PBXGroup;
			children = (
				74E8C715234A8BB6002AE442 /* MedicalReach_NativeIOSChat_Demo */,
				74E8C72F234A8BB7002AE442 /* MedicalReach_NativeIOSChat_DemoTests */,
				74E8C73A234A8BB7002AE442 /* MedicalReach_NativeIOSChat_DemoUITests */,
				74E8C714234A8BB6002AE442 /* Products */,
			);
			sourceTree = "<group>";
		};
		74E8C714234A8BB6002AE442 /* Products */ = {
			isa = PBXGroup;
			children = (
				74E8C713234A8BB6002AE442 /* MedicalReach_NativeIOSChat_Demo.app */,
				74E8C72C234A8BB7002AE442 /* MedicalReach_NativeIOSChat_DemoTests.xctest */,
				74E8C737234A8BB7002AE442 /* MedicalReach_NativeIOSChat_DemoUITests.xctest */,
			);
			name = Products;
			sourceTree = "<group>";
		};
		74E8C715234A8BB6002AE442 /* MedicalReach_NativeIOSChat_Demo */ = {
			isa = PBXGroup;
			children = (
				74E8C74D234A9046002AE442 /* Models */,
				74E8C749234A8C02002AE442 /* Storyboards */,
				74E8C716234A8BB6002AE442 /* AppDelegate.swift */,
				74E8C718234A8BB6002AE442 /* SceneDelegate.swift */,
				74E8C71A234A8BB6002AE442 /* ViewController.swift */,
				74E8C722234A8BB7002AE442 /* Assets.xcassets */,
				74E8C727234A8BB7002AE442 /* Info.plist */,
				74E8C71F234A8BB6002AE442 /* MedicalReach_NativeIOSChat_Demo.xcdatamodeld */,
			);
			path = MedicalReach_NativeIOSChat_Demo;
			sourceTree = "<group>";
		};
		74E8C72F234A8BB7002AE442 /* MedicalReach_NativeIOSChat_DemoTests */ = {
			isa = PBXGroup;
			children = (
				74E8C730234A8BB7002AE442 /* MedicalReach_NativeIOSChat_DemoTests.swift */,
				74E8C732234A8BB7002AE442 /* Info.plist */,
			);
			path = MedicalReach_NativeIOSChat_DemoTests;
			sourceTree = "<group>";
		};
		74E8C73A234A8BB7002AE442 /* MedicalReach_NativeIOSChat_DemoUITests */ = {
			isa = PBXGroup;
			children = (
				74E8C73B234A8BB7002AE442 /* MedicalReach_NativeIOSChat_DemoUITests.swift */,
				74E8C73D234A8BB7002AE442 /* Info.plist */,
			);
			path = MedicalReach_NativeIOSChat_DemoUITests;
			sourceTree = "<group>";
		};
		74E8C749234A8C02002AE442 /* Storyboards */ = {
			isa = PBXGroup;
			children = (
				74E8C724234A8BB7002AE442 /* LaunchScreen.storyboard */,
				74E8C71C234A8BB6002AE442 /* Main.storyboard */,
				74E8C74A234A8C25002AE442 /* Chats.storyboard */,
			);
			path = Storyboards;
			sourceTree = "<group>";
		};
		74E8C74D234A9046002AE442 /* Models */ = {
			isa = PBXGroup;
			children = (
				74E8C74E234A906C002AE442 /* Message.swift */,
			);
			path = Models;
			sourceTree = "<group>";
		};
/* End PBXGroup section */

/* Begin PBXNativeTarget section */
		74E8C712234A8BB6002AE442 /* MedicalReach_NativeIOSChat_Demo */ = {
			isa = PBXNativeTarget;
			buildConfigurationList = 74E8C740234A8BB7002AE442 /* Build configuration list for PBXNativeTarget "MedicalReach_NativeIOSChat_Demo" */;
			buildPhases = (
				74E8C70F234A8BB6002AE442 /* Sources */,
				74E8C710234A8BB6002AE442 /* Frameworks */,
				74E8C711234A8BB6002AE442 /* Resources */,
			);
			buildRules = (
			);
			dependencies = (
			);
			name = MedicalReach_NativeIOSChat_Demo;
			productName = MedicalReach_NativeIOSChat_Demo;
			productReference = 74E8C713234A8BB6002AE442 /* MedicalReach_NativeIOSChat_Demo.app */;
			productType = "com.apple.product-type.application";
		};
		74E8C72B234A8BB7002AE442 /* MedicalReach_NativeIOSChat_DemoTests */ = {
			isa = PBXNativeTarget;
			buildConfigurationList = 74E8C743234A8BB7002AE442 /* Build configuration list for PBXNativeTarget "MedicalReach_NativeIOSChat_DemoTests" */;
			buildPhases = (
				74E8C728234A8BB7002AE442 /* Sources */,
				74E8C729234A8BB7002AE442 /* Frameworks */,
				74E8C72A234A8BB7002AE442 /* Resources */,
			);
			buildRules = (
			);
			dependencies = (
				74E8C72E234A8BB7002AE442 /* PBXTargetDependency */,
			);
			name = MedicalReach_NativeIOSChat_DemoTests;
			productName = MedicalReach_NativeIOSChat_DemoTests;
			productReference = 74E8C72C234A8BB7002AE442 /* MedicalReach_NativeIOSChat_DemoTests.xctest */;
			productType = "com.apple.product-type.bundle.unit-test";
		};
		74E8C736234A8BB7002AE442 /* MedicalReach_NativeIOSChat_DemoUITests */ = {
			isa = PBXNativeTarget;
			buildConfigurationList = 74E8C746234A8BB7002AE442 /* Build configuration list for PBXNativeTarget "MedicalReach_NativeIOSChat_DemoUITests" */;
			buildPhases = (
				74E8C733234A8BB7002AE442 /* Sources */,
				74E8C734234A8BB7002AE442 /* Frameworks */,
				74E8C735234A8BB7002AE442 /* Resources */,
			);
			buildRules = (
			);
			dependencies = (
				74E8C739234A8BB7002AE442 /* PBXTargetDependency */,
			);
			name = MedicalReach_NativeIOSChat_DemoUITests;
			productName = MedicalReach_NativeIOSChat_DemoUITests;
			productReference = 74E8C737234A8BB7002AE442 /* MedicalReach_NativeIOSChat_DemoUITests.xctest */;
			productType = "com.apple.product-type.bundle.ui-testing";
		};
/* End PBXNativeTarget section */

/* Begin PBXProject section */
		74E8C70B234A8BB6002AE442 /* Project object */ = {
			isa = PBXProject;
			attributes = {
				LastSwiftUpdateCheck = 1100;
				LastUpgradeCheck = 1100;
				ORGANIZATIONNAME = Mikhail;
				TargetAttributes = {
					74E8C712234A8BB6002AE442 = {
						CreatedOnToolsVersion = 11.0;
					};
					74E8C72B234A8BB7002AE442 = {
						CreatedOnToolsVersion = 11.0;
						TestTargetID = 74E8C712234A8BB6002AE442;
					};
					74E8C736234A8BB7002AE442 = {
						CreatedOnToolsVersion = 11.0;
						TestTargetID = 74E8C712234A8BB6002AE442;
					};
				};
			};
			buildConfigurationList = 74E8C70E234A8BB6002AE442 /* Build configuration list for PBXProject "MedicalReach_NativeIOSChat_Demo" */;
			compatibilityVersion = "Xcode 9.3";
			developmentRegion = en;
			hasScannedForEncodings = 0;
			knownRegions = (
				en,
				Base,
			);
			mainGroup = 74E8C70A234A8BB6002AE442;
			productRefGroup = 74E8C714234A8BB6002AE442 /* Products */;
			projectDirPath = "";
			projectRoot = "";
			targets = (
				74E8C712234A8BB6002AE442 /* MedicalReach_NativeIOSChat_Demo */,
				74E8C72B234A8BB7002AE442 /* MedicalReach_NativeIOSChat_DemoTests */,
				74E8C736234A8BB7002AE442 /* MedicalReach_NativeIOSChat_DemoUITests */,
			);
		};
/* End PBXProject section */

/* Begin PBXResourcesBuildPhase section */
		74E8C711234A8BB6002AE442 /* Resources */ = {
			isa = PBXResourcesBuildPhase;
			buildActionMask = 2147483647;
			files = (
				74E8C726234A8BB7002AE442 /* LaunchScreen.storyboard in Resources */,
				74E8C723234A8BB7002AE442 /* Assets.xcassets in Resources */,
				74E8C74B234A8C25002AE442 /* Chats.storyboard in Resources */,
				74E8C71E234A8BB6002AE442 /* Main.storyboard in Resources */,
			);
			runOnlyForDeploymentPostprocessing = 0;
		};
		74E8C72A234A8BB7002AE442 /* Resources */ = {
			isa = PBXResourcesBuildPhase;
			buildActionMask = 2147483647;
			files = (
			);
			runOnlyForDeploymentPostprocessing = 0;
		};
		74E8C735234A8BB7002AE442 /* Resources */ = {
			isa = PBXResourcesBuildPhase;
			buildActionMask = 2147483647;
			files = (
			);
			runOnlyForDeploymentPostprocessing = 0;
		};
/* End PBXResourcesBuildPhase section */

/* Begin PBXSourcesBuildPhase section */
		74E8C70F234A8BB6002AE442 /* Sources */ = {
			isa = PBXSourcesBuildPhase;
			buildActionMask = 2147483647;
			files = (
				74E8C71B234A8BB6002AE442 /* ViewController.swift in Sources */,
				74E8C717234A8BB6002AE442 /* AppDelegate.swift in Sources */,
				74E8C74F234A906C002AE442 /* Message.swift in Sources */,
				74E8C719234A8BB6002AE442 /* SceneDelegate.swift in Sources */,
				74E8C721234A8BB6002AE442 /* MedicalReach_NativeIOSChat_Demo.xcdatamodeld in Sources */,
			);
			runOnlyForDeploymentPostprocessing = 0;
		};
		74E8C728234A8BB7002AE442 /* Sources */ = {
			isa = PBXSourcesBuildPhase;
			buildActionMask = 2147483647;
			files = (
				74E8C731234A8BB7002AE442 /* MedicalReach_NativeIOSChat_DemoTests.swift in Sources */,
			);
			runOnlyForDeploymentPostprocessing = 0;
		};
		74E8C733234A8BB7002AE442 /* Sources */ = {
			isa = PBXSourcesBuildPhase;
			buildActionMask = 2147483647;
			files = (
				74E8C73C234A8BB7002AE442 /* MedicalReach_NativeIOSChat_DemoUITests.swift in Sources */,
			);
			runOnlyForDeploymentPostprocessing = 0;
		};
/* End PBXSourcesBuildPhase section */

/* Begin PBXTargetDependency section */
		74E8C72E234A8BB7002AE442 /* PBXTargetDependency */ = {
			isa = PBXTargetDependency;
			target = 74E8C712234A8BB6002AE442 /* MedicalReach_NativeIOSChat_Demo */;
			targetProxy = 74E8C72D234A8BB7002AE442 /* PBXContainerItemProxy */;
		};
		74E8C739234A8BB7002AE442 /* PBXTargetDependency */ = {
			isa = PBXTargetDependency;
			target = 74E8C712234A8BB6002AE442 /* MedicalReach_NativeIOSChat_Demo */;
			targetProxy = 74E8C738234A8BB7002AE442 /* PBXContainerItemProxy */;
		};
/* End PBXTargetDependency section */

/* Begin PBXVariantGroup section */
		74E8C71C234A8BB6002AE442 /* Main.storyboard */ = {
			isa = PBXVariantGroup;
			children = (
				74E8C71D234A8BB6002AE442 /* Base */,
			);
			name = Main.storyboard;
			sourceTree = "<group>";
		};
		74E8C724234A8BB7002AE442 /* LaunchScreen.storyboard */ = {
			isa = PBXVariantGroup;
			children = (
				74E8C725234A8BB7002AE442 /* Base */,
			);
			name = LaunchScreen.storyboard;
			sourceTree = "<group>";
		};
/* End PBXVariantGroup section */

/* Begin XCBuildConfiguration section */
		74E8C73E234A8BB7002AE442 /* Debug */ = {
			isa = XCBuildConfiguration;
			buildSettings = {
				ALWAYS_SEARCH_USER_PATHS = NO;
				CLANG_ANALYZER_NONNULL = YES;
				CLANG_ANALYZER_NUMBER_OBJECT_CONVERSION = YES_AGGRESSIVE;
				CLANG_CXX_LANGUAGE_STANDARD = "gnu++14";
				CLANG_CXX_LIBRARY = "libc++";
				CLANG_ENABLE_MODULES = YES;
				CLANG_ENABLE_OBJC_ARC = YES;
				CLANG_ENABLE_OBJC_WEAK = YES;
				CLANG_WARN_BLOCK_CAPTURE_AUTORELEASING = YES;
				CLANG_WARN_BOOL_CONVERSION = YES;
				CLANG_WARN_COMMA = YES;
				CLANG_WARN_CONSTANT_CONVERSION = YES;
				CLANG_WARN_DEPRECATED_OBJC_IMPLEMENTATIONS = YES;
				CLANG_WARN_DIRECT_OBJC_ISA_USAGE = YES_ERROR;
				CLANG_WARN_DOCUMENTATION_COMMENTS = YES;
				CLANG_WARN_EMPTY_BODY = YES;
				CLANG_WARN_ENUM_CONVERSION = YES;
				CLANG_WARN_INFINITE_RECURSION = YES;
				CLANG_WARN_INT_CONVERSION = YES;
				CLANG_WARN_NON_LITERAL_NULL_CONVERSION = YES;
				CLANG_WARN_OBJC_IMPLICIT_RETAIN_SELF = YES;
				CLANG_WARN_OBJC_LITERAL_CONVERSION = YES;
				CLANG_WARN_OBJC_ROOT_CLASS = YES_ERROR;
				CLANG_WARN_RANGE_LOOP_ANALYSIS = YES;
				CLANG_WARN_STRICT_PROTOTYPES = YES;
				CLANG_WARN_SUSPICIOUS_MOVE = YES;
				CLANG_WARN_UNGUARDED_AVAILABILITY = YES_AGGRESSIVE;
				CLANG_WARN_UNREACHABLE_CODE = YES;
				CLANG_WARN__DUPLICATE_METHOD_MATCH = YES;
				COPY_PHASE_STRIP = NO;
				DEBUG_INFORMATION_FORMAT = dwarf;
				ENABLE_STRICT_OBJC_MSGSEND = YES;
				ENABLE_TESTABILITY = YES;
				GCC_C_LANGUAGE_STANDARD = gnu11;
				GCC_DYNAMIC_NO_PIC = NO;
				GCC_NO_COMMON_BLOCKS = YES;
				GCC_OPTIMIZATION_LEVEL = 0;
				GCC_PREPROCESSOR_DEFINITIONS = (
					"DEBUG=1",
					"$(inherited)",
				);
				GCC_WARN_64_TO_32_BIT_CONVERSION = YES;
				GCC_WARN_ABOUT_RETURN_TYPE = YES_ERROR;
				GCC_WARN_UNDECLARED_SELECTOR = YES;
				GCC_WARN_UNINITIALIZED_AUTOS = YES_AGGRESSIVE;
				GCC_WARN_UNUSED_FUNCTION = YES;
				GCC_WARN_UNUSED_VARIABLE = YES;
				IPHONEOS_DEPLOYMENT_TARGET = 13.0;
				MTL_ENABLE_DEBUG_INFO = INCLUDE_SOURCE;
				MTL_FAST_MATH = YES;
				ONLY_ACTIVE_ARCH = YES;
				SDKROOT = iphoneos;
				SWIFT_ACTIVE_COMPILATION_CONDITIONS = DEBUG;
				SWIFT_OPTIMIZATION_LEVEL = "-Onone";
			};
			name = Debug;
		};
		74E8C73F234A8BB7002AE442 /* Release */ = {
			isa = XCBuildConfiguration;
			buildSettings = {
				ALWAYS_SEARCH_USER_PATHS = NO;
				CLANG_ANALYZER_NONNULL = YES;
				CLANG_ANALYZER_NUMBER_OBJECT_CONVERSION = YES_AGGRESSIVE;
				CLANG_CXX_LANGUAGE_STANDARD = "gnu++14";
				CLANG_CXX_LIBRARY = "libc++";
				CLANG_ENABLE_MODULES = YES;
				CLANG_ENABLE_OBJC_ARC = YES;
				CLANG_ENABLE_OBJC_WEAK = YES;
				CLANG_WARN_BLOCK_CAPTURE_AUTORELEASING = YES;
				CLANG_WARN_BOOL_CONVERSION = YES;
				CLANG_WARN_COMMA = YES;
				CLANG_WARN_CONSTANT_CONVERSION = YES;
				CLANG_WARN_DEPRECATED_OBJC_IMPLEMENTATIONS = YES;
				CLANG_WARN_DIRECT_OBJC_ISA_USAGE = YES_ERROR;
				CLANG_WARN_DOCUMENTATION_COMMENTS = YES;
				CLANG_WARN_EMPTY_BODY = YES;
				CLANG_WARN_ENUM_CONVERSION = YES;
				CLANG_WARN_INFINITE_RECURSION = YES;
				CLANG_WARN_INT_CONVERSION = YES;
				CLANG_WARN_NON_LITERAL_NULL_CONVERSION = YES;
				CLANG_WARN_OBJC_IMPLICIT_RETAIN_SELF = YES;
				CLANG_WARN_OBJC_LITERAL_CONVERSION = YES;
				CLANG_WARN_OBJC_ROOT_CLASS = YES_ERROR;
				CLANG_WARN_RANGE_LOOP_ANALYSIS = YES;
				CLANG_WARN_STRICT_PROTOTYPES = YES;
				CLANG_WARN_SUSPICIOUS_MOVE = YES;
				CLANG_WARN_UNGUARDED_AVAILABILITY = YES_AGGRESSIVE;
				CLANG_WARN_UNREACHABLE_CODE = YES;
				CLANG_WARN__DUPLICATE_METHOD_MATCH = YES;
				COPY_PHASE_STRIP = NO;
				DEBUG_INFORMATION_FORMAT = "dwarf-with-dsym";
				ENABLE_NS_ASSERTIONS = NO;
				ENABLE_STRICT_OBJC_MSGSEND = YES;
				GCC_C_LANGUAGE_STANDARD = gnu11;
				GCC_NO_COMMON_BLOCKS = YES;
				GCC_WARN_64_TO_32_BIT_CONVERSION = YES;
				GCC_WARN_ABOUT_RETURN_TYPE = YES_ERROR;
				GCC_WARN_UNDECLARED_SELECTOR = YES;
				GCC_WARN_UNINITIALIZED_AUTOS = YES_AGGRESSIVE;
				GCC_WARN_UNUSED_FUNCTION = YES;
				GCC_WARN_UNUSED_VARIABLE = YES;
				IPHONEOS_DEPLOYMENT_TARGET = 13.0;
				MTL_ENABLE_DEBUG_INFO = NO;
				MTL_FAST_MATH = YES;
				SDKROOT = iphoneos;
				SWIFT_COMPILATION_MODE = wholemodule;
				SWIFT_OPTIMIZATION_LEVEL = "-O";
				VALIDATE_PRODUCT = YES;
			};
			name = Release;
		};
		74E8C741234A8BB7002AE442 /* Debug */ = {
			isa = XCBuildConfiguration;
			buildSettings = {
				ASSETCATALOG_COMPILER_APPICON_NAME = AppIcon;
				CODE_SIGN_STYLE = Automatic;
				INFOPLIST_FILE = MedicalReach_NativeIOSChat_Demo/Info.plist;
				LD_RUNPATH_SEARCH_PATHS = (
					"$(inherited)",
					"@executable_path/Frameworks",
				);
				PRODUCT_BUNDLE_IDENTIFIER = "Mikhail.MedicalReach-NativeIOSChat-Demo";
				PRODUCT_NAME = "$(TARGET_NAME)";
				SWIFT_VERSION = 5.0;
				TARGETED_DEVICE_FAMILY = "1,2";
			};
			name = Debug;
		};
		74E8C742234A8BB7002AE442 /* Release */ = {
			isa = XCBuildConfiguration;
			buildSettings = {
				ASSETCATALOG_COMPILER_APPICON_NAME = AppIcon;
				CODE_SIGN_STYLE = Automatic;
				INFOPLIST_FILE = MedicalReach_NativeIOSChat_Demo/Info.plist;
				LD_RUNPATH_SEARCH_PATHS = (
					"$(inherited)",
					"@executable_path/Frameworks",
				);
				PRODUCT_BUNDLE_IDENTIFIER = "Mikhail.MedicalReach-NativeIOSChat-Demo";
				PRODUCT_NAME = "$(TARGET_NAME)";
				SWIFT_VERSION = 5.0;
				TARGETED_DEVICE_FAMILY = "1,2";
			};
			name = Release;
		};
		74E8C744234A8BB7002AE442 /* Debug */ = {
			isa = XCBuildConfiguration;
			buildSettings = {
				ALWAYS_EMBED_SWIFT_STANDARD_LIBRARIES = YES;
				BUNDLE_LOADER = "$(TEST_HOST)";
				CODE_SIGN_STYLE = Automatic;
				INFOPLIST_FILE = MedicalReach_NativeIOSChat_DemoTests/Info.plist;
				IPHONEOS_DEPLOYMENT_TARGET = 13.0;
				LD_RUNPATH_SEARCH_PATHS = (
					"$(inherited)",
					"@executable_path/Frameworks",
					"@loader_path/Frameworks",
				);
				PRODUCT_BUNDLE_IDENTIFIER = "Mikhail.MedicalReach-NativeIOSChat-DemoTests";
				PRODUCT_NAME = "$(TARGET_NAME)";
				SWIFT_VERSION = 5.0;
				TARGETED_DEVICE_FAMILY = "1,2";
				TEST_HOST = "$(BUILT_PRODUCTS_DIR)/MedicalReach_NativeIOSChat_Demo.app/MedicalReach_NativeIOSChat_Demo";
			};
			name = Debug;
		};
		74E8C745234A8BB7002AE442 /* Release */ = {
			isa = XCBuildConfiguration;
			buildSettings = {
				ALWAYS_EMBED_SWIFT_STANDARD_LIBRARIES = YES;
				BUNDLE_LOADER = "$(TEST_HOST)";
				CODE_SIGN_STYLE = Automatic;
				INFOPLIST_FILE = MedicalReach_NativeIOSChat_DemoTests/Info.plist;
				IPHONEOS_DEPLOYMENT_TARGET = 13.0;
				LD_RUNPATH_SEARCH_PATHS = (
					"$(inherited)",
					"@executable_path/Frameworks",
					"@loader_path/Frameworks",
				);
				PRODUCT_BUNDLE_IDENTIFIER = "Mikhail.MedicalReach-NativeIOSChat-DemoTests";
				PRODUCT_NAME = "$(TARGET_NAME)";
				SWIFT_VERSION = 5.0;
				TARGETED_DEVICE_FAMILY = "1,2";
				TEST_HOST = "$(BUILT_PRODUCTS_DIR)/MedicalReach_NativeIOSChat_Demo.app/MedicalReach_NativeIOSChat_Demo";
			};
			name = Release;
		};
		74E8C747234A8BB7002AE442 /* Debug */ = {
			isa = XCBuildConfiguration;
			buildSettings = {
				ALWAYS_EMBED_SWIFT_STANDARD_LIBRARIES = YES;
				CODE_SIGN_STYLE = Automatic;
				INFOPLIST_FILE = MedicalReach_NativeIOSChat_DemoUITests/Info.plist;
				LD_RUNPATH_SEARCH_PATHS = (
					"$(inherited)",
					"@executable_path/Frameworks",
					"@loader_path/Frameworks",
				);
				PRODUCT_BUNDLE_IDENTIFIER = "Mikhail.MedicalReach-NativeIOSChat-DemoUITests";
				PRODUCT_NAME = "$(TARGET_NAME)";
				SWIFT_VERSION = 5.0;
				TARGETED_DEVICE_FAMILY = "1,2";
				TEST_TARGET_NAME = MedicalReach_NativeIOSChat_Demo;
			};
			name = Debug;
		};
		74E8C748234A8BB7002AE442 /* Release */ = {
			isa = XCBuildConfiguration;
			buildSettings = {
				ALWAYS_EMBED_SWIFT_STANDARD_LIBRARIES = YES;
				CODE_SIGN_STYLE = Automatic;
				INFOPLIST_FILE = MedicalReach_NativeIOSChat_DemoUITests/Info.plist;
				LD_RUNPATH_SEARCH_PATHS = (
					"$(inherited)",
					"@executable_path/Frameworks",
					"@loader_path/Frameworks",
				);
				PRODUCT_BUNDLE_IDENTIFIER = "Mikhail.MedicalReach-NativeIOSChat-DemoUITests";
				PRODUCT_NAME = "$(TARGET_NAME)";
				SWIFT_VERSION = 5.0;
				TARGETED_DEVICE_FAMILY = "1,2";
				TEST_TARGET_NAME = MedicalReach_NativeIOSChat_Demo;
			};
			name = Release;
		};
/* End XCBuildConfiguration section */

/* Begin XCConfigurationList section */
		74E8C70E234A8BB6002AE442 /* Build configuration list for PBXProject "MedicalReach_NativeIOSChat_Demo" */ = {
			isa = XCConfigurationList;
			buildConfigurations = (
				74E8C73E234A8BB7002AE442 /* Debug */,
				74E8C73F234A8BB7002AE442 /* Release */,
			);
			defaultConfigurationIsVisible = 0;
			defaultConfigurationName = Release;
		};
		74E8C740234A8BB7002AE442 /* Build configuration list for PBXNativeTarget "MedicalReach_NativeIOSChat_Demo" */ = {
			isa = XCConfigurationList;
			buildConfigurations = (
				74E8C741234A8BB7002AE442 /* Debug */,
				74E8C742234A8BB7002AE442 /* Release */,
			);
			defaultConfigurationIsVisible = 0;
			defaultConfigurationName = Release;
		};
		74E8C743234A8BB7002AE442 /* Build configuration list for PBXNativeTarget "MedicalReach_NativeIOSChat_DemoTests" */ = {
			isa = XCConfigurationList;
			buildConfigurations = (
				74E8C744234A8BB7002AE442 /* Debug */,
				74E8C745234A8BB7002AE442 /* Release */,
			);
			defaultConfigurationIsVisible = 0;
			defaultConfigurationName = Release;
		};
		74E8C746234A8BB7002AE442 /* Build configuration list for PBXNativeTarget "MedicalReach_NativeIOSChat_DemoUITests" */ = {
			isa = XCConfigurationList;
			buildConfigurations = (
				74E8C747234A8BB7002AE442 /* Debug */,
				74E8C748234A8BB7002AE442 /* Release */,
			);
			defaultConfigurationIsVisible = 0;
			defaultConfigurationName = Release;
		};
/* End XCConfigurationList section */

/* Begin XCVersionGroup section */
		74E8C71F234A8BB6002AE442 /* MedicalReach_NativeIOSChat_Demo.xcdatamodeld */ = {
			isa = XCVersionGroup;
			children = (
				74E8C720234A8BB6002AE442 /* MedicalReach_NativeIOSChat_Demo.xcdatamodel */,
			);
			currentVersion = 74E8C720234A8BB6002AE442 /* MedicalReach_NativeIOSChat_Demo.xcdatamodel */;
			path = MedicalReach_NativeIOSChat_Demo.xcdatamodeld;
			sourceTree = "<group>";
			versionGroupType = wrapper.xcdatamodel;
		};
/* End XCVersionGroup section */
	};
	rootObject = 74E8C70B234A8BB6002AE442 /* Project object */;
}
